PODS:
  - Alamofire (5.2.2)
  - FloatRatingView (4.0)
  - SwiftyJSON (4.3.0)

DEPENDENCIES:
  - Alamofire
  - FloatRatingView
  - SwiftyJSON (~> 4.0)

SPEC REPOS:
  trunk:
    - Alamofire
    - FloatRatingView
    - SwiftyJSON

SPEC CHECKSUMS:
  Alamofire: 814429acc853c6c54ff123fc3d2ef66803823ce0
  FloatRatingView: bb6bdddfbeec51b1d387b4bd50abc27b4dfccd48
  SwiftyJSON: 6faa0040f8b59dead0ee07436cbf76b73c08fd08

PODFILE CHECKSUM: 91cf8f291a1e58f14cf65261c890e644d3e6c0f1

COCOAPODS: 1.9.3
